<?xml version="1.0" encoding="utf-8"?>
<Project ToolsVersion="4.0" xmlns="http://schemas.microsoft.com/developer/msbuild/2003">
  <ItemGroup>
    <Filter Include="Source Files">
      <UniqueIdentifier>{4FC737F1-C7A5-4376-A066-2A32D752A2FF}</UniqueIdentifier>
      <Extensions>cpp;c;cc;cxx;def;odl;idl;hpj;bat;asm;asmx</Extensions>
    </Filter>
    <Filter Include="Header Files">
      <UniqueIdentifier>{93995380-89BD-4b04-88EB-625FBE52EBFB}</UniqueIdentifier>
      <Extensions>h;hh;hpp;hxx;hm;inl;inc;xsd</Extensions>
    </Filter>
    <Filter Include="Resource Files">
      <UniqueIdentifier>{67DA6AB6-F800-4c08-8B7A-83BB121AAD01}</UniqueIdentifier>
      <Extensions>rc;ico;cur;bmp;dlg;rc2;rct;bin;rgs;gif;jpg;jpeg;jpe;resx;tiff;tif;png;wav;mfcribbon-ms</Extensions>
    </Filter>
    <Filter Include="Header Files\Database">
      <UniqueIdentifier>{1e3a00b1-6cc0-495f-a0e7-1bc3f3b77793}</UniqueIdentifier>
    </Filter>
    <Filter Include="Header Files\Interfaces">
      <UniqueIdentifier>{a9b8b3b2-050e-4cc7-83a1-df2dd53765b1}</UniqueIdentifier>
    </Filter>
    <Filter Include="Header Files\Derivatives">
      <UniqueIdentifier>{73e7a320-fce7-4fbd-ae2c-88c40a923740}</UniqueIdentifier>
    </Filter>
    <Filter Include="Header Files\Headers">
      <UniqueIdentifier>{0a81b94e-b9c0-4d75-9e60-28b19b0f9744}</UniqueIdentifier>
    </Filter>
    <Filter Include="Header Files\Supporting Files">
      <UniqueIdentifier>{91506276-e74b-40dc-b74e-bdd6a61163e2}</UniqueIdentifier>
    </Filter>
    <Filter Include="Header Files\Parser">
      <UniqueIdentifier>{b52c4571-4c65-4d11-a960-5f82cb3068f9}</UniqueIdentifier>
    </Filter>
  </ItemGroup>
  <ItemGroup>
    <Text Include="ReadMe.txt" />
  </ItemGroup>
  <ItemGroup>
    <ClInclude Include="DBResults.h">
      <Filter>Header Files\Database</Filter>
    </ClInclude>
    <ClInclude Include="IResult.h">
      <Filter>Header Files\Interfaces</Filter>
    </ClInclude>
    <ClInclude Include="DBTestRuns.h">
      <Filter>Header Files\Database</Filter>
    </ClInclude>
    <ClInclude Include="DBTests.h">
      <Filter>Header Files\Database</Filter>
    </ClInclude>
    <ClInclude Include="DBStations.h">
      <Filter>Header Files\Database</Filter>
    </ClInclude>
    <ClInclude Include="Fail.h">
      <Filter>Header Files\Derivatives</Filter>
    </ClInclude>
    <ClInclude Include="None.h">
      <Filter>Header Files\Derivatives</Filter>
    </ClInclude>
    <ClInclude Include="Pass.h">
      <Filter>Header Files\Derivatives</Filter>
    </ClInclude>
    <ClInclude Include="DBProdLines.h">
      <Filter>Header Files\Database</Filter>
    </ClInclude>
    <ClInclude Include="DBEngines.h">
      <Filter>Header Files\Database</Filter>
    </ClInclude>
    <ClInclude Include="Station.h">
      <Filter>Header Files\Headers</Filter>
    </ClInclude>
    <ClInclude Include="Engine.h">
      <Filter>Header Files\Headers</Filter>
    </ClInclude>
    <ClInclude Include="ProdLine.h">
      <Filter>Header Files\Headers</Filter>
    </ClInclude>
    <ClInclude Include="Test.h">
      <Filter>Header Files\Headers</Filter>
    </ClInclude>
    <ClInclude Include="TestRun.h">
      <Filter>Header Files\Headers</Filter>
    </ClInclude>
    <ClInclude Include="stdafx.h">
      <Filter>Header Files\Supporting Files</Filter>
    </ClInclude>
    <ClInclude Include="targetver.h">
      <Filter>Header Files\Supporting Files</Filter>
    </ClInclude>
    <ClInclude Include="ProductionLineParser.h">
      <Filter>Header Files\Parser</Filter>
    </ClInclude>
    <ClInclude Include="StringOperations.h">
      <Filter>Header Files\Parser</Filter>
    </ClInclude>
    <ClInclude Include="EngineFileParser.h">
      <Filter>Header Files\Parser</Filter>
    </ClInclude>
    <ClInclude Include="Parser.h">
      <Filter>Header Files\Parser</Filter>
    </ClInclude>
    <ClInclude Include="DatabaseManager.h">
      <Filter>Header Files</Filter>
    </ClInclude>
  </ItemGroup>
  <ItemGroup>
    <ClCompile Include="stdafx.cpp">
      <Filter>Source Files</Filter>
    </ClCompile>
    <ClCompile Include="Database.cpp">
      <Filter>Source Files</Filter>
    </ClCompile>
    <ClCompile Include="TestRun.cpp">
      <Filter>Source Files</Filter>
    </ClCompile>
    <ClCompile Include="IResult.cpp">
      <Filter>Source Files</Filter>
    </ClCompile>
    <ClCompile Include="ProductionLineParser.cpp">
      <Filter>Header Files\Parser</Filter>
    </ClCompile>
    <ClCompile Include="DBImplementations.cpp">
      <Filter>Header Files\Database</Filter>
    </ClCompile>
    <ClCompile Include="StringOperations.cpp">
      <Filter>Header Files\Parser</Filter>
    </ClCompile>
    <ClCompile Include="EngineFileParser.cpp">
      <Filter>Header Files\Parser</Filter>
    </ClCompile>
    <ClCompile Include="Parser.cpp">
      <Filter>Header Files\Parser</Filter>
    </ClCompile>
    <ClCompile Include="Engine.cpp">
      <Filter>Source Files</Filter>
    </ClCompile>
    <ClCompile Include="DatabaseManager.cpp">
      <Filter>Source Files</Filter>
    </ClCompile>
    <ClCompile Include="DBEngine.cpp">
      <Filter>Header Files\Database</Filter>
    </ClCompile>
    <ClCompile Include="Test.cpp">
      <Filter>Source Files</Filter>
    </ClCompile>
  </ItemGroup>
</Project>